
Microsoft Visual Studio Solution File, Format Version 11.00
# Visual Studio 2010
# SharpDevelop 4.2.1.8805
Project("{2150E333-8FDC-42A3-9474-1A3956D46DE8}") = "Database", "Database", "{D2EFF688-6750-44A1-98DB-85D45D9CEC97}"
	ProjectSection(SolutionItems) = postProject
	EndProjectSection
EndProject
Project("{FAE04EC0-301F-11D3-BF4B-00C04F79EFBC}") = "OBTUtils.Data", "Database\OBTUtils.Data\OBTUtils.Data.csproj", "{DAEE2802-8B55-4331-9326-1ADFC94E1A47}"
EndProject
Project("{FAE04EC0-301F-11D3-BF4B-00C04F79EFBC}") = "OBTMultSQLCodeGen", "Database\OBTMultSQLCodeGen\OBTMultSQLCodeGen.csproj", "{F148B375-1B00-4661-A038-1B7AF2BC4AD0}"
EndProject
Project("{FAE04EC0-301F-11D3-BF4B-00C04F79EFBC}") = "DBSQLUtilsConsoleTests", "Database\DBSQLUtilsConsoleTests\DBSQLUtilsConsoleTests.csproj", "{60BB7448-2D12-42AF-B996-6BD7A5FC6575}"
EndProject
Project("{2150E333-8FDC-42A3-9474-1A3956D46DE8}") = "Basic", "Basic", "{1637E2ED-AB60-4A56-AA6F-AB626109C0F1}"
	ProjectSection(SolutionItems) = postProject
	EndProjectSection
EndProject
Project("{FAE04EC0-301F-11D3-BF4B-00C04F79EFBC}") = "OBTUtilsALLTests", "OBTUtilsALLTests\OBTUtilsALLTests.csproj", "{E8FC8FE7-ACDE-46B0-8E98-F185F3EFE33B}"
EndProject
Project("{FAE04EC0-301F-11D3-BF4B-00C04F79EFBC}") = "OBTUtils", "OBTUtils\OBTUtils.csproj", "{AF957518-F233-458B-B495-B72B3BAAA548}"
EndProject
Project("{2150E333-8FDC-42A3-9474-1A3956D46DE8}") = "Solution Items", "Solution Items", "{20EEC6AC-9E7F-49AF-9CB4-6981E5A11635}"
	ProjectSection(SolutionItems) = postProject
		Doxyfile = Doxyfile
	EndProjectSection
EndProject
Project("{2150E333-8FDC-42A3-9474-1A3956D46DE8}") = "Enterprise", "Enterprise", "{6BEC30B1-54F3-4D29-BD6B-EAB6BBFFBF27}"
	ProjectSection(SolutionItems) = postProject
	EndProjectSection
EndProject
Project("{FAE04EC0-301F-11D3-BF4B-00C04F79EFBC}") = "OBTUtils.Enterprise", "OBTUtils.Enterprise\OBTUtils.Enterprise.csproj", "{7373219C-70A8-4A0A-8105-5673590AC271}"
EndProject
Project("{CFEE4113-1246-4D54-95CB-156813CB8593}") = "OBTUtilsSDKInstaller", "OBTUtilsSDKInstaller\OBTUtilsSDKInstaller.wixproj", "{E4F38237-7E05-4FC5-B7C3-891BDDAE194E}"
EndProject
Global
	GlobalSection(SolutionConfigurationPlatforms) = preSolution
		Debug|x86 = Debug|x86
		Release|x86 = Release|x86
		Debug|Any CPU = Debug|Any CPU
		Release|Any CPU = Release|Any CPU
	EndGlobalSection
	GlobalSection(ProjectConfigurationPlatforms) = postSolution
		{E8FC8FE7-ACDE-46B0-8E98-F185F3EFE33B}.Debug|x86.Build.0 = Debug|x86
		{E8FC8FE7-ACDE-46B0-8E98-F185F3EFE33B}.Debug|x86.ActiveCfg = Debug|x86
		{E8FC8FE7-ACDE-46B0-8E98-F185F3EFE33B}.Release|x86.Build.0 = Release|x86
		{E8FC8FE7-ACDE-46B0-8E98-F185F3EFE33B}.Release|x86.ActiveCfg = Release|x86
		{7373219C-70A8-4A0A-8105-5673590AC271}.Debug|x86.Build.0 = Debug|x86
		{7373219C-70A8-4A0A-8105-5673590AC271}.Debug|x86.ActiveCfg = Debug|x86
		{7373219C-70A8-4A0A-8105-5673590AC271}.Release|x86.Build.0 = Release|x86
		{7373219C-70A8-4A0A-8105-5673590AC271}.Release|x86.ActiveCfg = Release|x86
		{E4F38237-7E05-4FC5-B7C3-891BDDAE194E}.Debug|x86.Build.0 = Debug|x86
		{E4F38237-7E05-4FC5-B7C3-891BDDAE194E}.Debug|x86.ActiveCfg = Debug|x86
		{E4F38237-7E05-4FC5-B7C3-891BDDAE194E}.Release|x86.Build.0 = Release|x86
		{E4F38237-7E05-4FC5-B7C3-891BDDAE194E}.Release|x86.ActiveCfg = Release|x86
		{AF957518-F233-458B-B495-B72B3BAAA548}.Debug|x86.Build.0 = Debug|x86
		{AF957518-F233-458B-B495-B72B3BAAA548}.Debug|x86.ActiveCfg = Debug|x86
		{AF957518-F233-458B-B495-B72B3BAAA548}.Debug|Any CPU.Build.0 = Debug|x86
		{AF957518-F233-458B-B495-B72B3BAAA548}.Debug|Any CPU.ActiveCfg = Debug|x86
		{AF957518-F233-458B-B495-B72B3BAAA548}.Release|x86.Build.0 = Release|x86
		{AF957518-F233-458B-B495-B72B3BAAA548}.Release|x86.ActiveCfg = Release|x86
		{AF957518-F233-458B-B495-B72B3BAAA548}.Release|Any CPU.Build.0 = Release|x86
		{AF957518-F233-458B-B495-B72B3BAAA548}.Release|Any CPU.ActiveCfg = Release|x86
		{DAEE2802-8B55-4331-9326-1ADFC94E1A47}.Debug|x86.Build.0 = Debug|x86
		{DAEE2802-8B55-4331-9326-1ADFC94E1A47}.Debug|x86.ActiveCfg = Debug|x86
		{DAEE2802-8B55-4331-9326-1ADFC94E1A47}.Debug|Any CPU.Build.0 = Debug|x86
		{DAEE2802-8B55-4331-9326-1ADFC94E1A47}.Debug|Any CPU.ActiveCfg = Debug|x86
		{DAEE2802-8B55-4331-9326-1ADFC94E1A47}.Release|x86.Build.0 = Release|x86
		{DAEE2802-8B55-4331-9326-1ADFC94E1A47}.Release|x86.ActiveCfg = Release|x86
		{DAEE2802-8B55-4331-9326-1ADFC94E1A47}.Release|Any CPU.Build.0 = Release|x86
		{DAEE2802-8B55-4331-9326-1ADFC94E1A47}.Release|Any CPU.ActiveCfg = Release|x86
		{F148B375-1B00-4661-A038-1B7AF2BC4AD0}.Debug|x86.Build.0 = Debug|x86
		{F148B375-1B00-4661-A038-1B7AF2BC4AD0}.Debug|x86.ActiveCfg = Debug|x86
		{F148B375-1B00-4661-A038-1B7AF2BC4AD0}.Debug|Any CPU.Build.0 = Debug|x86
		{F148B375-1B00-4661-A038-1B7AF2BC4AD0}.Debug|Any CPU.ActiveCfg = Debug|x86
		{F148B375-1B00-4661-A038-1B7AF2BC4AD0}.Release|x86.Build.0 = Release|x86
		{F148B375-1B00-4661-A038-1B7AF2BC4AD0}.Release|x86.ActiveCfg = Release|x86
		{F148B375-1B00-4661-A038-1B7AF2BC4AD0}.Release|Any CPU.Build.0 = Release|x86
		{F148B375-1B00-4661-A038-1B7AF2BC4AD0}.Release|Any CPU.ActiveCfg = Release|x86
		{60BB7448-2D12-42AF-B996-6BD7A5FC6575}.Debug|x86.Build.0 = Debug|x86
		{60BB7448-2D12-42AF-B996-6BD7A5FC6575}.Debug|x86.ActiveCfg = Debug|x86
		{60BB7448-2D12-42AF-B996-6BD7A5FC6575}.Debug|Any CPU.Build.0 = Debug|x86
		{60BB7448-2D12-42AF-B996-6BD7A5FC6575}.Debug|Any CPU.ActiveCfg = Debug|x86
		{60BB7448-2D12-42AF-B996-6BD7A5FC6575}.Release|x86.Build.0 = Release|x86
		{60BB7448-2D12-42AF-B996-6BD7A5FC6575}.Release|x86.ActiveCfg = Release|x86
		{60BB7448-2D12-42AF-B996-6BD7A5FC6575}.Release|Any CPU.Build.0 = Release|x86
		{60BB7448-2D12-42AF-B996-6BD7A5FC6575}.Release|Any CPU.ActiveCfg = Release|x86
		{E4F38237-7E05-4FC5-B7C3-891BDDAE194E}.Debug|Any CPU.Build.0 = Debug|Any CPU
		{E4F38237-7E05-4FC5-B7C3-891BDDAE194E}.Debug|Any CPU.ActiveCfg = Debug|Any CPU
		{E4F38237-7E05-4FC5-B7C3-891BDDAE194E}.Release|Any CPU.Build.0 = Release|Any CPU
		{E4F38237-7E05-4FC5-B7C3-891BDDAE194E}.Release|Any CPU.ActiveCfg = Release|Any CPU
	EndGlobalSection
	GlobalSection(NestedProjects) = preSolution
		{DAEE2802-8B55-4331-9326-1ADFC94E1A47} = {D2EFF688-6750-44A1-98DB-85D45D9CEC97}
		{F148B375-1B00-4661-A038-1B7AF2BC4AD0} = {D2EFF688-6750-44A1-98DB-85D45D9CEC97}
		{60BB7448-2D12-42AF-B996-6BD7A5FC6575} = {D2EFF688-6750-44A1-98DB-85D45D9CEC97}
		{E8FC8FE7-ACDE-46B0-8E98-F185F3EFE33B} = {1637E2ED-AB60-4A56-AA6F-AB626109C0F1}
		{AF957518-F233-458B-B495-B72B3BAAA548} = {1637E2ED-AB60-4A56-AA6F-AB626109C0F1}
		{7373219C-70A8-4A0A-8105-5673590AC271} = {6BEC30B1-54F3-4D29-BD6B-EAB6BBFFBF27}
	EndGlobalSection
EndGlobal
