
Microsoft Visual Studio Solution File, Format Version 11.00
# Visual Studio 2010
# SharpDevelop 4.2.1.8805
Project("{2150E333-8FDC-42A3-9474-1A3956D46DE8}") = "Database", "Database", "{D2EFF688-6750-44A1-98DB-85D45D9CEC97}"
	ProjectSection(SolutionItems) = postProject
	EndProjectSection
EndProject
Project("{FAE04EC0-301F-11D3-BF4B-00C04F79EFBC}") = "OBTPGSQLCGen", "OBTPGSQLCGen\OBTPGSQLCGen.csproj", "{3D2AA90C-AFDD-4B31-964E-4E5C56586D7F}"
EndProject
Project("{FAE04EC0-301F-11D3-BF4B-00C04F79EFBC}") = "DBSQLUtilsConsoleTests", "DBSQLUtilsConsoleTests\DBSQLUtilsConsoleTests.csproj", "{60BB7448-2D12-42AF-B996-6BD7A5FC6575}"
EndProject
Project("{FAE04EC0-301F-11D3-BF4B-00C04F79EFBC}") = "OBTDBSQLUtils", "DBSQLUtils\OBTDBSQLUtils.csproj", "{DAEE2802-8B55-4331-9326-1ADFC94E1A47}"
EndProject
Project("{FAE04EC0-301F-11D3-BF4B-00C04F79EFBC}") = "OBTSQLServerCGen", "OBTSQLServerCGen\OBTSQLServerCGen.csproj", "{C63B7E01-5254-4F81-872A-9F02509FE5E5}"
EndProject
Project("{FAE04EC0-301F-11D3-BF4B-00C04F79EFBC}") = "OBTMySQLCGen", "OBTMySQLCGen\OBTMySQLCGen.csproj", "{8EEE490A-20D3-42BA-842D-D09E87D051B4}"
EndProject
Project("{2150E333-8FDC-42A3-9474-1A3956D46DE8}") = "Basic stuff", "Basic stuff", "{1637E2ED-AB60-4A56-AA6F-AB626109C0F1}"
	ProjectSection(SolutionItems) = postProject
	EndProjectSection
EndProject
Project("{FAE04EC0-301F-11D3-BF4B-00C04F79EFBC}") = "OBTUtilsALLTests", "OBTUtilsALLTests\OBTUtilsALLTests.csproj", "{E8FC8FE7-ACDE-46B0-8E98-F185F3EFE33B}"
EndProject
Project("{FAE04EC0-301F-11D3-BF4B-00C04F79EFBC}") = "OBTUtils", "OBTUtilerias\OBTUtils.csproj", "{AF957518-F233-458B-B495-B72B3BAAA548}"
EndProject
Project("{2150E333-8FDC-42A3-9474-1A3956D46DE8}") = "Solution Items", "Solution Items", "{20EEC6AC-9E7F-49AF-9CB4-6981E5A11635}"
	ProjectSection(SolutionItems) = postProject
		Doxyfile = Doxyfile
		Lista de deseos.txt = Lista de deseos.txt
	EndProjectSection
EndProject
Project("{FAE04EC0-301F-11D3-BF4B-00C04F79EFBC}") = "OBTUtils.Enterprise", "OBTUtils.Enterprise\OBTUtils.Enterprise.csproj", "{7373219C-70A8-4A0A-8105-5673590AC271}"
EndProject
Global
	GlobalSection(SolutionConfigurationPlatforms) = preSolution
		Debug|x86 = Debug|x86
		Release|x86 = Release|x86
	EndGlobalSection
	GlobalSection(ProjectConfigurationPlatforms) = postSolution
		{AF957518-F233-458B-B495-B72B3BAAA548}.Debug|x86.Build.0 = Debug|x86
		{AF957518-F233-458B-B495-B72B3BAAA548}.Debug|x86.ActiveCfg = Debug|x86
		{AF957518-F233-458B-B495-B72B3BAAA548}.Release|x86.Build.0 = Release|x86
		{AF957518-F233-458B-B495-B72B3BAAA548}.Release|x86.ActiveCfg = Release|x86
		{E8FC8FE7-ACDE-46B0-8E98-F185F3EFE33B}.Debug|x86.Build.0 = Debug|x86
		{E8FC8FE7-ACDE-46B0-8E98-F185F3EFE33B}.Debug|x86.ActiveCfg = Debug|x86
		{E8FC8FE7-ACDE-46B0-8E98-F185F3EFE33B}.Release|x86.Build.0 = Release|x86
		{E8FC8FE7-ACDE-46B0-8E98-F185F3EFE33B}.Release|x86.ActiveCfg = Release|x86
		{60BB7448-2D12-42AF-B996-6BD7A5FC6575}.Debug|x86.Build.0 = Debug|x86
		{60BB7448-2D12-42AF-B996-6BD7A5FC6575}.Debug|x86.ActiveCfg = Debug|x86
		{60BB7448-2D12-42AF-B996-6BD7A5FC6575}.Release|x86.Build.0 = Release|x86
		{60BB7448-2D12-42AF-B996-6BD7A5FC6575}.Release|x86.ActiveCfg = Release|x86
		{DAEE2802-8B55-4331-9326-1ADFC94E1A47}.Debug|x86.Build.0 = Debug|x86
		{DAEE2802-8B55-4331-9326-1ADFC94E1A47}.Debug|x86.ActiveCfg = Debug|x86
		{DAEE2802-8B55-4331-9326-1ADFC94E1A47}.Release|x86.Build.0 = Release|x86
		{DAEE2802-8B55-4331-9326-1ADFC94E1A47}.Release|x86.ActiveCfg = Release|x86
		{C63B7E01-5254-4F81-872A-9F02509FE5E5}.Debug|x86.Build.0 = Debug|x86
		{C63B7E01-5254-4F81-872A-9F02509FE5E5}.Debug|x86.ActiveCfg = Debug|x86
		{C63B7E01-5254-4F81-872A-9F02509FE5E5}.Release|x86.Build.0 = Release|x86
		{C63B7E01-5254-4F81-872A-9F02509FE5E5}.Release|x86.ActiveCfg = Release|x86
		{3D2AA90C-AFDD-4B31-964E-4E5C56586D7F}.Debug|x86.Build.0 = Debug|x86
		{3D2AA90C-AFDD-4B31-964E-4E5C56586D7F}.Debug|x86.ActiveCfg = Debug|x86
		{3D2AA90C-AFDD-4B31-964E-4E5C56586D7F}.Release|x86.Build.0 = Release|x86
		{3D2AA90C-AFDD-4B31-964E-4E5C56586D7F}.Release|x86.ActiveCfg = Release|x86
		{8EEE490A-20D3-42BA-842D-D09E87D051B4}.Debug|x86.Build.0 = Debug|x86
		{8EEE490A-20D3-42BA-842D-D09E87D051B4}.Debug|x86.ActiveCfg = Debug|x86
		{8EEE490A-20D3-42BA-842D-D09E87D051B4}.Release|x86.Build.0 = Release|x86
		{8EEE490A-20D3-42BA-842D-D09E87D051B4}.Release|x86.ActiveCfg = Release|x86
		{7373219C-70A8-4A0A-8105-5673590AC271}.Debug|x86.Build.0 = Debug|x86
		{7373219C-70A8-4A0A-8105-5673590AC271}.Debug|x86.ActiveCfg = Debug|x86
		{7373219C-70A8-4A0A-8105-5673590AC271}.Release|x86.Build.0 = Release|x86
		{7373219C-70A8-4A0A-8105-5673590AC271}.Release|x86.ActiveCfg = Release|x86
	EndGlobalSection
	GlobalSection(NestedProjects) = preSolution
		{3D2AA90C-AFDD-4B31-964E-4E5C56586D7F} = {D2EFF688-6750-44A1-98DB-85D45D9CEC97}
		{60BB7448-2D12-42AF-B996-6BD7A5FC6575} = {D2EFF688-6750-44A1-98DB-85D45D9CEC97}
		{DAEE2802-8B55-4331-9326-1ADFC94E1A47} = {D2EFF688-6750-44A1-98DB-85D45D9CEC97}
		{C63B7E01-5254-4F81-872A-9F02509FE5E5} = {D2EFF688-6750-44A1-98DB-85D45D9CEC97}
		{8EEE490A-20D3-42BA-842D-D09E87D051B4} = {D2EFF688-6750-44A1-98DB-85D45D9CEC97}
		{E8FC8FE7-ACDE-46B0-8E98-F185F3EFE33B} = {1637E2ED-AB60-4A56-AA6F-AB626109C0F1}
		{AF957518-F233-458B-B495-B72B3BAAA548} = {1637E2ED-AB60-4A56-AA6F-AB626109C0F1}
	EndGlobalSection
EndGlobal
